
Microsoft Visual Studio Solution File, Format Version 12.00
# Visual Studio Version 17
VisualStudioVersion = 17.0.31903.59
MinimumVisualStudioVersion = 10.0.40219.1
Project("{FAE04EC0-301F-11D3-BF4B-00C04F79EFBC}") = "API", "API\API.csproj", "{543693A4-CFF4-4C4D-8914-8E9884803125}"
EndProject
Project("{FAE04EC0-301F-11D3-BF4B-00C04F79EFBC}") = "Application", "Application\Application.csproj", "{A5C20D83-12A0-43E3-9697-06CEB0CC4432}"
EndProject
Project("{FAE04EC0-301F-11D3-BF4B-00C04F79EFBC}") = "Domain", "Domain\Domain.csproj", "{732ED7BE-907A-48B6-AF47-85B925010CF3}"
EndProject
Project("{FAE04EC0-301F-11D3-BF4B-00C04F79EFBC}") = "Persistence", "Persistence\Persistence.csproj", "{D0C8D06E-4519-4464-A13C-4B0DD6B66E4A}"
EndProject
Global
	GlobalSection(SolutionConfigurationPlatforms) = preSolution
		Debug|Any CPU = Debug|Any CPU
		Release|Any CPU = Release|Any CPU
	EndGlobalSection
	GlobalSection(SolutionProperties) = preSolution
		HideSolutionNode = FALSE
	EndGlobalSection
	GlobalSection(ProjectConfigurationPlatforms) = postSolution
		{543693A4-CFF4-4C4D-8914-8E9884803125}.Debug|Any CPU.ActiveCfg = Debug|Any CPU
		{543693A4-CFF4-4C4D-8914-8E9884803125}.Debug|Any CPU.Build.0 = Debug|Any CPU
		{543693A4-CFF4-4C4D-8914-8E9884803125}.Release|Any CPU.ActiveCfg = Release|Any CPU
		{543693A4-CFF4-4C4D-8914-8E9884803125}.Release|Any CPU.Build.0 = Release|Any CPU
		{A5C20D83-12A0-43E3-9697-06CEB0CC4432}.Debug|Any CPU.ActiveCfg = Debug|Any CPU
		{A5C20D83-12A0-43E3-9697-06CEB0CC4432}.Debug|Any CPU.Build.0 = Debug|Any CPU
		{A5C20D83-12A0-43E3-9697-06CEB0CC4432}.Release|Any CPU.ActiveCfg = Release|Any CPU
		{A5C20D83-12A0-43E3-9697-06CEB0CC4432}.Release|Any CPU.Build.0 = Release|Any CPU
		{732ED7BE-907A-48B6-AF47-85B925010CF3}.Debug|Any CPU.ActiveCfg = Debug|Any CPU
		{732ED7BE-907A-48B6-AF47-85B925010CF3}.Debug|Any CPU.Build.0 = Debug|Any CPU
		{732ED7BE-907A-48B6-AF47-85B925010CF3}.Release|Any CPU.ActiveCfg = Release|Any CPU
		{732ED7BE-907A-48B6-AF47-85B925010CF3}.Release|Any CPU.Build.0 = Release|Any CPU
		{D0C8D06E-4519-4464-A13C-4B0DD6B66E4A}.Debug|Any CPU.ActiveCfg = Debug|Any CPU
		{D0C8D06E-4519-4464-A13C-4B0DD6B66E4A}.Debug|Any CPU.Build.0 = Debug|Any CPU
		{D0C8D06E-4519-4464-A13C-4B0DD6B66E4A}.Release|Any CPU.ActiveCfg = Release|Any CPU
		{D0C8D06E-4519-4464-A13C-4B0DD6B66E4A}.Release|Any CPU.Build.0 = Release|Any CPU
	EndGlobalSection
EndGlobal
